
Microsoft Visual Studio Solution File, Format Version 12.00
# Visual Studio 15
VisualStudioVersion = 15.0.28010.2046
MinimumVisualStudioVersion = 10.0.40219.1
Project("{FAE04EC0-301F-11D3-BF4B-00C04F79EFBC}") = "SimpleContactForm", "SimpleContactForm\SimpleContactForm.csproj", "{4C95F31D-FCB3-432B-AF25-DD2F47068688}"
EndProject
Project("{FAE04EC0-301F-11D3-BF4B-00C04F79EFBC}") = "FontViewer", "FontViewer\FontViewer.csproj", "{6D442AB2-3021-4316-B401-BE86DF1B9CB3}"
EndProject
Project("{FAE04EC0-301F-11D3-BF4B-00C04F79EFBC}") = "AutomaticChangeNotification", "AutomaticChangeNotification\AutomaticChangeNotification.csproj", "{F0B23313-B9DE-4723-B92C-BE93E4E635CB}"
EndProject
Project("{FAE04EC0-301F-11D3-BF4B-00C04F79EFBC}") = "FontViewerXBAP", "FontViewerXBAP\FontViewerXBAP.csproj", "{5298A000-6768-40B4-A8BB-D992F0263DCF}"
EndProject
Project("{FAE04EC0-301F-11D3-BF4B-00C04F79EFBC}") = "NavigationApp", "NavigationApp\NavigationApp.csproj", "{8E7D9850-85CD-453C-BAD0-1C5F61F09B71}"
EndProject
Project("{FAE04EC0-301F-11D3-BF4B-00C04F79EFBC}") = "TextEditor", "TextEditor\TextEditor.csproj", "{4F4A6434-AB05-4136-8756-C235115FACF8}"
EndProject
Project("{FAE04EC0-301F-11D3-BF4B-00C04F79EFBC}") = "UnderstandingRoutedEventArgs", "UnderstandingRoutedEventArgs\UnderstandingRoutedEventArgs.csproj", "{0C1195CB-2487-4372-84D8-3A12C26863E9}"
EndProject
Project("{FAE04EC0-301F-11D3-BF4B-00C04F79EFBC}") = "GenericEventHandler", "GenericEventHandler\GenericEventHandler.csproj", "{F69F0304-9337-4A57-9333-4CA25EE85C53}"
EndProject
Project("{FAE04EC0-301F-11D3-BF4B-00C04F79EFBC}") = "PreviewEvents", "PreviewEvents\PreviewEvents.csproj", "{CF36470A-5818-4191-B29F-278BEB2E73AC}"
EndProject
Project("{FAE04EC0-301F-11D3-BF4B-00C04F79EFBC}") = "ContactManager", "ContactManager\ContactManager.csproj", "{FCEEBD3C-9CF2-403A-B137-D162505B9B29}"
EndProject
Global
	GlobalSection(SolutionConfigurationPlatforms) = preSolution
		Debug|Any CPU = Debug|Any CPU
		Release|Any CPU = Release|Any CPU
	EndGlobalSection
	GlobalSection(ProjectConfigurationPlatforms) = postSolution
		{4C95F31D-FCB3-432B-AF25-DD2F47068688}.Debug|Any CPU.ActiveCfg = Debug|Any CPU
		{4C95F31D-FCB3-432B-AF25-DD2F47068688}.Debug|Any CPU.Build.0 = Debug|Any CPU
		{4C95F31D-FCB3-432B-AF25-DD2F47068688}.Release|Any CPU.ActiveCfg = Release|Any CPU
		{4C95F31D-FCB3-432B-AF25-DD2F47068688}.Release|Any CPU.Build.0 = Release|Any CPU
		{6D442AB2-3021-4316-B401-BE86DF1B9CB3}.Debug|Any CPU.ActiveCfg = Debug|Any CPU
		{6D442AB2-3021-4316-B401-BE86DF1B9CB3}.Debug|Any CPU.Build.0 = Debug|Any CPU
		{6D442AB2-3021-4316-B401-BE86DF1B9CB3}.Release|Any CPU.ActiveCfg = Release|Any CPU
		{6D442AB2-3021-4316-B401-BE86DF1B9CB3}.Release|Any CPU.Build.0 = Release|Any CPU
		{F0B23313-B9DE-4723-B92C-BE93E4E635CB}.Debug|Any CPU.ActiveCfg = Debug|Any CPU
		{F0B23313-B9DE-4723-B92C-BE93E4E635CB}.Debug|Any CPU.Build.0 = Debug|Any CPU
		{F0B23313-B9DE-4723-B92C-BE93E4E635CB}.Release|Any CPU.ActiveCfg = Release|Any CPU
		{F0B23313-B9DE-4723-B92C-BE93E4E635CB}.Release|Any CPU.Build.0 = Release|Any CPU
		{5298A000-6768-40B4-A8BB-D992F0263DCF}.Debug|Any CPU.ActiveCfg = Debug|Any CPU
		{5298A000-6768-40B4-A8BB-D992F0263DCF}.Debug|Any CPU.Build.0 = Debug|Any CPU
		{5298A000-6768-40B4-A8BB-D992F0263DCF}.Release|Any CPU.ActiveCfg = Release|Any CPU
		{5298A000-6768-40B4-A8BB-D992F0263DCF}.Release|Any CPU.Build.0 = Release|Any CPU
		{8E7D9850-85CD-453C-BAD0-1C5F61F09B71}.Debug|Any CPU.ActiveCfg = Debug|Any CPU
		{8E7D9850-85CD-453C-BAD0-1C5F61F09B71}.Debug|Any CPU.Build.0 = Debug|Any CPU
		{8E7D9850-85CD-453C-BAD0-1C5F61F09B71}.Release|Any CPU.ActiveCfg = Release|Any CPU
		{8E7D9850-85CD-453C-BAD0-1C5F61F09B71}.Release|Any CPU.Build.0 = Release|Any CPU
		{4F4A6434-AB05-4136-8756-C235115FACF8}.Debug|Any CPU.ActiveCfg = Debug|Any CPU
		{4F4A6434-AB05-4136-8756-C235115FACF8}.Debug|Any CPU.Build.0 = Debug|Any CPU
		{4F4A6434-AB05-4136-8756-C235115FACF8}.Release|Any CPU.ActiveCfg = Release|Any CPU
		{4F4A6434-AB05-4136-8756-C235115FACF8}.Release|Any CPU.Build.0 = Release|Any CPU
		{0C1195CB-2487-4372-84D8-3A12C26863E9}.Debug|Any CPU.ActiveCfg = Debug|Any CPU
		{0C1195CB-2487-4372-84D8-3A12C26863E9}.Debug|Any CPU.Build.0 = Debug|Any CPU
		{0C1195CB-2487-4372-84D8-3A12C26863E9}.Release|Any CPU.ActiveCfg = Release|Any CPU
		{0C1195CB-2487-4372-84D8-3A12C26863E9}.Release|Any CPU.Build.0 = Release|Any CPU
		{F69F0304-9337-4A57-9333-4CA25EE85C53}.Debug|Any CPU.ActiveCfg = Debug|Any CPU
		{F69F0304-9337-4A57-9333-4CA25EE85C53}.Debug|Any CPU.Build.0 = Debug|Any CPU
		{F69F0304-9337-4A57-9333-4CA25EE85C53}.Release|Any CPU.ActiveCfg = Release|Any CPU
		{F69F0304-9337-4A57-9333-4CA25EE85C53}.Release|Any CPU.Build.0 = Release|Any CPU
		{CF36470A-5818-4191-B29F-278BEB2E73AC}.Debug|Any CPU.ActiveCfg = Debug|Any CPU
		{CF36470A-5818-4191-B29F-278BEB2E73AC}.Debug|Any CPU.Build.0 = Debug|Any CPU
		{CF36470A-5818-4191-B29F-278BEB2E73AC}.Release|Any CPU.ActiveCfg = Release|Any CPU
		{CF36470A-5818-4191-B29F-278BEB2E73AC}.Release|Any CPU.Build.0 = Release|Any CPU
		{FCEEBD3C-9CF2-403A-B137-D162505B9B29}.Debug|Any CPU.ActiveCfg = Debug|Any CPU
		{FCEEBD3C-9CF2-403A-B137-D162505B9B29}.Debug|Any CPU.Build.0 = Debug|Any CPU
		{FCEEBD3C-9CF2-403A-B137-D162505B9B29}.Release|Any CPU.ActiveCfg = Release|Any CPU
		{FCEEBD3C-9CF2-403A-B137-D162505B9B29}.Release|Any CPU.Build.0 = Release|Any CPU
	EndGlobalSection
	GlobalSection(SolutionProperties) = preSolution
		HideSolutionNode = FALSE
	EndGlobalSection
	GlobalSection(ExtensibilityGlobals) = postSolution
		SolutionGuid = {F670CB64-5E31-420F-B304-2943FD0E296E}
	EndGlobalSection
EndGlobal
